
Microsoft Visual Studio Solution File, Format Version 12.00
# Visual Studio 15
VisualStudioVersion = 15.0.27703.2018
MinimumVisualStudioVersion = 10.0.40219.1
Project("{FAE04EC0-301F-11D3-BF4B-00C04F79EFBC}") = "SigninWebApi", "SigninWebApi\SigninWebApi.csproj", "{68E943C7-0F58-464B-BED3-5B0ABF523E8B}"
EndProject
Global
	GlobalSection(SolutionConfigurationPlatforms) = preSolution
		Debug|Any CPU = Debug|Any CPU
		Release|Any CPU = Release|Any CPU
	EndGlobalSection
	GlobalSection(ProjectConfigurationPlatforms) = postSolution
		{68E943C7-0F58-464B-BED3-5B0ABF523E8B}.Debug|Any CPU.ActiveCfg = Debug|Any CPU
		{68E943C7-0F58-464B-BED3-5B0ABF523E8B}.Debug|Any CPU.Build.0 = Debug|Any CPU
		{68E943C7-0F58-464B-BED3-5B0ABF523E8B}.Release|Any CPU.ActiveCfg = Release|Any CPU
		{68E943C7-0F58-464B-BED3-5B0ABF523E8B}.Release|Any CPU.Build.0 = Release|Any CPU
	EndGlobalSection
	GlobalSection(SolutionProperties) = preSolution
		HideSolutionNode = FALSE
	EndGlobalSection
	GlobalSection(ExtensibilityGlobals) = postSolution
		SolutionGuid = {2832E46E-03E0-4F5F-A38C-2B3EF3F24A00}
	EndGlobalSection
EndGlobal
